PODS:
  - WBWebViewConsole (1.0.2)

DEPENDENCIES:
  - WBWebViewConsole (from `../..`)

EXTERNAL SOURCES:
  WBWebViewConsole:
    :path: "../.."

SPEC CHECKSUMS:
  WBWebViewConsole: 240a230243b5ae9765be8ed0edba0e0822fdb2d1

PODFILE CHECKSUM: 664a31577dd723d8b22983608cc4c78e6c668e8d

COCOAPODS: 1.5.3
